
Microsoft Visual Studio Solution File, Format Version 12.00
# Visual Studio Version 17
VisualStudioVersion = 17.1.32421.90
MinimumVisualStudioVersion = 10.0.40219.1
Project("{FAE04EC0-301F-11D3-BF4B-00C04F79EFBC}") = "EasyPack", "EasyPack.csproj", "{5C239CEF-943A-4819-A804-B0A213B61591}"
EndProject
Global
	GlobalSection(SolutionConfigurationPlatforms) = preSolution
		Debug|Any CPU = Debug|Any CPU
		Release|Any CPU = Release|Any CPU
	EndGlobalSection
	GlobalSection(ProjectConfigurationPlatforms) = postSolution
		{5C239CEF-943A-4819-A804-B0A213B61591}.Debug|Any CPU.ActiveCfg = Debug|Any CPU
		{5C239CEF-943A-4819-A804-B0A213B61591}.Debug|Any CPU.Build.0 = Debug|Any CPU
		{5C239CEF-943A-4819-A804-B0A213B61591}.Release|Any CPU.ActiveCfg = Release|Any CPU
		{5C239CEF-943A-4819-A804-B0A213B61591}.Release|Any CPU.Build.0 = Release|Any CPU
	EndGlobalSection
	GlobalSection(SolutionProperties) = preSolution
		HideSolutionNode = FALSE
	EndGlobalSection
	GlobalSection(ExtensibilityGlobals) = postSolution
		SolutionGuid = {47F8054A-3246-4EF6-9593-6D7E2D7BEDCD}
	EndGlobalSection
EndGlobal
